// !$*UTF8*$!
{
	archiveVersion = 1;
	classes = {
	};
	objectVersion = 46;
	objects = {

/* Begin PBXBuildFile section */
		3F48E3EC192893300052E461 /* DouApiClient.m in Sources */ = {isa = PBXBuildFile; fileRef = 3F48E3EB192893300052E461 /* DouApiClient.m */; };
		3F48E3EF1928A0650052E461 /* DouOAuthViewController.m in Sources */ = {isa = PBXBuildFile; fileRef = 3F48E3EE1928A0650052E461 /* DouOAuthViewController.m */; };
		3F982AC2192E548800FD22AF /* EXTRuntimeExtensions.m in Sources */ = {isa = PBXBuildFile; fileRef = 3F982AA1192E548800FD22AF /* EXTRuntimeExtensions.m */; };
		3F982AC3192E548800FD22AF /* EXTScope.m in Sources */ = {isa = PBXBuildFile; fileRef = 3F982AA3192E548800FD22AF /* EXTScope.m */; };
		3F982AC4192E548800FD22AF /* LICENSE.md in Resources */ = {isa = PBXBuildFile; fileRef = 3F982AA5192E548800FD22AF /* LICENSE.md */; };
		3F982AC5192E548800FD22AF /* Mantle-Info.plist in Resources */ = {isa = PBXBuildFile; fileRef = 3F982AA6192E548800FD22AF /* Mantle-Info.plist */; };
		3F982AC6192E548800FD22AF /* MTLJSONAdapter.m in Sources */ = {isa = PBXBuildFile; fileRef = 3F982AAA192E548800FD22AF /* MTLJSONAdapter.m */; };
		3F982AC7192E548800FD22AF /* MTLManagedObjectAdapter.m in Sources */ = {isa = PBXBuildFile; fileRef = 3F982AAC192E548800FD22AF /* MTLManagedObjectAdapter.m */; };
		3F982AC8192E548800FD22AF /* MTLModel+NSCoding.m in Sources */ = {isa = PBXBuildFile; fileRef = 3F982AAE192E548800FD22AF /* MTLModel+NSCoding.m */; };
		3F982AC9192E548800FD22AF /* MTLModel.m in Sources */ = {isa = PBXBuildFile; fileRef = 3F982AB0192E548800FD22AF /* MTLModel.m */; };
		3F982ACA192E548800FD22AF /* MTLReflection.m in Sources */ = {isa = PBXBuildFile; fileRef = 3F982AB2192E548800FD22AF /* MTLReflection.m */; };
		3F982ACB192E548800FD22AF /* MTLValueTransformer.m in Sources */ = {isa = PBXBuildFile; fileRef = 3F982AB4192E548800FD22AF /* MTLValueTransformer.m */; };
		3F982ACC192E548800FD22AF /* NSArray+MTLManipulationAdditions.m in Sources */ = {isa = PBXBuildFile; fileRef = 3F982AB6192E548800FD22AF /* NSArray+MTLManipulationAdditions.m */; };
		3F982ACD192E548800FD22AF /* NSDictionary+MTLManipulationAdditions.m in Sources */ = {isa = PBXBuildFile; fileRef = 3F982AB8192E548800FD22AF /* NSDictionary+MTLManipulationAdditions.m */; };
		3F982ACE192E548800FD22AF /* NSError+MTLModelException.m in Sources */ = {isa = PBXBuildFile; fileRef = 3F982ABA192E548800FD22AF /* NSError+MTLModelException.m */; };
		3F982ACF192E548800FD22AF /* NSObject+MTLComparisonAdditions.m in Sources */ = {isa = PBXBuildFile; fileRef = 3F982ABC192E548800FD22AF /* NSObject+MTLComparisonAdditions.m */; };
		3F982AD0192E548800FD22AF /* NSValueTransformer+MTLInversionAdditions.m in Sources */ = {isa = PBXBuildFile; fileRef = 3F982ABE192E548800FD22AF /* NSValueTransformer+MTLInversionAdditions.m */; };
		3F982AD1192E548800FD22AF /* NSValueTransformer+MTLPredefinedTransformerAdditions.m in Sources */ = {isa = PBXBuildFile; fileRef = 3F982AC0192E548800FD22AF /* NSValueTransformer+MTLPredefinedTransformerAdditions.m */; };
		3F982AD2192E548800FD22AF /* README.md in Resources */ = {isa = PBXBuildFile; fileRef = 3F982AC1192E548800FD22AF /* README.md */; };
		3F982AD6192E54AC00FD22AF /* DoubanShuo.m in Sources */ = {isa = PBXBuildFile; fileRef = 3F982AD5192E54AC00FD22AF /* DoubanShuo.m */; };
		3F982ADC192E559500FD22AF /* DoubanUser.m in Sources */ = {isa = PBXBuildFile; fileRef = 3F982ADB192E559500FD22AF /* DoubanUser.m */; };
		3FB7430A192BC743008A00C7 /* STHTTPRequest.m in Sources */ = {isa = PBXBuildFile; fileRef = 3FB742F6192BC743008A00C7 /* STHTTPRequest.m */; };
		3FBE97AB1927CD1E006D710B /* Foundation.framework in Frameworks */ = {isa = PBXBuildFile; fileRef = 3FBE97AA1927CD1E006D710B /* Foundation.framework */; };
		3FBE97AD1927CD1E006D710B /* CoreGraphics.framework in Frameworks */ = {isa = PBXBuildFile; fileRef = 3FBE97AC1927CD1E006D710B /* CoreGraphics.framework */; };
		3FBE97AF1927CD1E006D710B /* UIKit.framework in Frameworks */ = {isa = PBXBuildFile; fileRef = 3FBE97AE1927CD1E006D710B /* UIKit.framework */; };
		3FBE97B51927CD1E006D710B /* InfoPlist.strings in Resources */ = {isa = PBXBuildFile; fileRef = 3FBE97B31927CD1E006D710B /* InfoPlist.strings */; };
		3FBE97B71927CD1E006D710B /* main.m in Sources */ = {isa = PBXBuildFile; fileRef = 3FBE97B61927CD1E006D710B /* main.m */; };
		3FBE97BB1927CD1E006D710B /* DouAppDelegate.m in Sources */ = {isa = PBXBuildFile; fileRef = 3FBE97BA1927CD1E006D710B /* DouAppDelegate.m */; };
		3FBE97BE1927CD1E006D710B /* Main.storyboard in Resources */ = {isa = PBXBuildFile; fileRef = 3FBE97BC1927CD1E006D710B /* Main.storyboard */; };
		3FBE97C11927CD1E006D710B /* DouViewController.m in Sources */ = {isa = PBXBuildFile; fileRef = 3FBE97C01927CD1E006D710B /* DouViewController.m */; };
		3FBE97C31927CD1E006D710B /* Images.xcassets in Resources */ = {isa = PBXBuildFile; fileRef = 3FBE97C21927CD1E006D710B /* Images.xcassets */; };
		3FBE97CA1927CD1E006D710B /* XCTest.framework in Frameworks */ = {isa = PBXBuildFile; fileRef = 3FBE97C91927CD1E006D710B /* XCTest.framework */; };
		3FBE97CB1927CD1E006D710B /* Foundation.framework in Frameworks */ = {isa = PBXBuildFile; fileRef = 3FBE97AA1927CD1E006D710B /* Foundation.framework */; };
		3FBE97CC1927CD1E006D710B /* UIKit.framework in Frameworks */ = {isa = PBXBuildFile; fileRef = 3FBE97AE1927CD1E006D710B /* UIKit.framework */; };
		3FBE97D41927CD1E006D710B /* InfoPlist.strings in Resources */ = {isa = PBXBuildFile; fileRef = 3FBE97D21927CD1E006D710B /* InfoPlist.strings */; };
		3FBE97D61927CD1E006D710B /* DoubanObjcClientTests.m in Sources */ = {isa = PBXBuildFile; fileRef = 3FBE97D51927CD1E006D710B /* DoubanObjcClientTests.m */; };
		3FD6026D192E5F4500DF0C13 /* DoubanBaseModel.m in Sources */ = {isa = PBXBuildFile; fileRef = 3FD6026C192E5F4500DF0C13 /* DoubanBaseModel.m */; };
/* End PBXBuildFile section */

/* Begin PBXContainerItemProxy section */
		3FBE97CD1927CD1E006D710B /* PBXContainerItemProxy */ = {
			isa = PBXContainerItemProxy;
			containerPortal = 3FBE979F1927CD1E006D710B /* Project object */;
			proxyType = 1;
			remoteGlobalIDString = 3FBE97A61927CD1E006D710B;
			remoteInfo = DoubanObjcClient;
		};
/* End PBXContainerItemProxy section */

/* Begin PBXFileReference section */
		3F48E3E9192890C00052E461 /* DouApiDefines.h */ = {isa = PBXFileReference; lastKnownFileType = sourcecode.c.h; path = DouApiDefines.h; sourceTree = "<group>"; };
		3F48E3EA192893300052E461 /* DouApiClient.h */ = {isa = PBXFileReference; fileEncoding = 4; lastKnownFileType = sourcecode.c.h; path = DouApiClient.h; sourceTree = "<group>"; };
		3F48E3EB192893300052E461 /* DouApiClient.m */ = {isa = PBXFileReference; fileEncoding = 4; lastKnownFileType = sourcecode.c.objc; path = DouApiClient.m; sourceTree = "<group>"; };
		3F48E3ED1928A0650052E461 /* DouOAuthViewController.h */ = {isa = PBXFileReference; fileEncoding = 4; lastKnownFileType = sourcecode.c.h; path = DouOAuthViewController.h; sourceTree = "<group>"; };
		3F48E3EE1928A0650052E461 /* DouOAuthViewController.m */ = {isa = PBXFileReference; fileEncoding = 4; lastKnownFileType = sourcecode.c.objc; path = DouOAuthViewController.m; sourceTree = "<group>"; };
		3F982A9F192E548800FD22AF /* EXTKeyPathCoding.h */ = {isa = PBXFileReference; fileEncoding = 4; lastKnownFileType = sourcecode.c.h; path = EXTKeyPathCoding.h; sourceTree = "<group>"; };
		3F982AA0192E548800FD22AF /* EXTRuntimeExtensions.h */ = {isa = PBXFileReference; fileEncoding = 4; lastKnownFileType = sourcecode.c.h; path = EXTRuntimeExtensions.h; sourceTree = "<group>"; };
		3F982AA1192E548800FD22AF /* EXTRuntimeExtensions.m */ = {isa = PBXFileReference; fileEncoding = 4; lastKnownFileType = sourcecode.c.objc; path = EXTRuntimeExtensions.m; sourceTree = "<group>"; };
		3F982AA2192E548800FD22AF /* EXTScope.h */ = {isa = PBXFileReference; fileEncoding = 4; lastKnownFileType = sourcecode.c.h; path = EXTScope.h; sourceTree = "<group>"; };
		3F982AA3192E548800FD22AF /* EXTScope.m */ = {isa = PBXFileReference; fileEncoding = 4; lastKnownFileType = sourcecode.c.objc; path = EXTScope.m; sourceTree = "<group>"; };
		3F982AA4192E548800FD22AF /* metamacros.h */ = {isa = PBXFileReference; fileEncoding = 4; lastKnownFileType = sourcecode.c.h; path = metamacros.h; sourceTree = "<group>"; };
		3F982AA5192E548800FD22AF /* LICENSE.md */ = {isa = PBXFileReference; fileEncoding = 4; lastKnownFileType = text; path = LICENSE.md; sourceTree = "<group>"; };
		3F982AA6192E548800FD22AF /* Mantle-Info.plist */ = {isa = PBXFileReference; fileEncoding = 4; lastKnownFileType = text.plist.xml; path = "Mantle-Info.plist"; sourceTree = "<group>"; };
		3F982AA7192E548800FD22AF /* Mantle-Prefix.pch */ = {isa = PBXFileReference; fileEncoding = 4; lastKnownFileType = sourcecode.c.h; path = "Mantle-Prefix.pch"; sourceTree = "<group>"; };
		3F982AA8192E548800FD22AF /* Mantle.h */ = {isa = PBXFileReference; fileEncoding = 4; lastKnownFileType = sourcecode.c.h; path = Mantle.h; sourceTree = "<group>"; };
		3F982AA9192E548800FD22AF /* MTLJSONAdapter.h */ = {isa = PBXFileReference; fileEncoding = 4; lastKnownFileType = sourcecode.c.h; path = MTLJSONAdapter.h; sourceTree = "<group>"; };
		3F982AAA192E548800FD22AF /* MTLJSONAdapter.m */ = {isa = PBXFileReference; fileEncoding = 4; lastKnownFileType = sourcecode.c.objc; path = MTLJSONAdapter.m; sourceTree = "<group>"; };
		3F982AAB192E548800FD22AF /* MTLManagedObjectAdapter.h */ = {isa = PBXFileReference; fileEncoding = 4; lastKnownFileType = sourcecode.c.h; path = MTLManagedObjectAdapter.h; sourceTree = "<group>"; };
		3F982AAC192E548800FD22AF /* MTLManagedObjectAdapter.m */ = {isa = PBXFileReference; fileEncoding = 4; lastKnownFileType = sourcecode.c.objc; path = MTLManagedObjectAdapter.m; sourceTree = "<group>"; };
		3F982AAD192E548800FD22AF /* MTLModel+NSCoding.h */ = {isa = PBXFileReference; fileEncoding = 4; lastKnownFileType = sourcecode.c.h; path = "MTLModel+NSCoding.h"; sourceTree = "<group>"; };
		3F982AAE192E548800FD22AF /* MTLModel+NSCoding.m */ = {isa = PBXFileReference; fileEncoding = 4; lastKnownFileType = sourcecode.c.objc; path = "MTLModel+NSCoding.m"; sourceTree = "<group>"; };
		3F982AAF192E548800FD22AF /* MTLModel.h */ = {isa = PBXFileReference; fileEncoding = 4; lastKnownFileType = sourcecode.c.h; path = MTLModel.h; sourceTree = "<group>"; };
		3F982AB0192E548800FD22AF /* MTLModel.m */ = {isa = PBXFileReference; fileEncoding = 4; lastKnownFileType = sourcecode.c.objc; path = MTLModel.m; sourceTree = "<group>"; };
		3F982AB1192E548800FD22AF /* MTLReflection.h */ = {isa = PBXFileReference; fileEncoding = 4; lastKnownFileType = sourcecode.c.h; path = MTLReflection.h; sourceTree = "<group>"; };
		3F982AB2192E548800FD22AF /* MTLReflection.m */ = {isa = PBXFileReference; fileEncoding = 4; lastKnownFileType = sourcecode.c.objc; path = MTLReflection.m; sourceTree = "<group>"; };
		3F982AB3192E548800FD22AF /* MTLValueTransformer.h */ = {isa = PBXFileReference; fileEncoding = 4; lastKnownFileType = sourcecode.c.h; path = MTLValueTransformer.h; sourceTree = "<group>"; };
		3F982AB4192E548800FD22AF /* MTLValueTransformer.m */ = {isa = PBXFileReference; fileEncoding = 4; lastKnownFileType = sourcecode.c.objc; path = MTLValueTransformer.m; sourceTree = "<group>"; };
		3F982AB5192E548800FD22AF /* NSArray+MTLManipulationAdditions.h */ = {isa = PBXFileReference; fileEncoding = 4; lastKnownFileType = sourcecode.c.h; path = "NSArray+MTLManipulationAdditions.h"; sourceTree = "<group>"; };
		3F982AB6192E548800FD22AF /* NSArray+MTLManipulationAdditions.m */ = {isa = PBXFileReference; fileEncoding = 4; lastKnownFileType = sourcecode.c.objc; path = "NSArray+MTLManipulationAdditions.m"; sourceTree = "<group>"; };
		3F982AB7192E548800FD22AF /* NSDictionary+MTLManipulationAdditions.h */ = {isa = PBXFileReference; fileEncoding = 4; lastKnownFileType = sourcecode.c.h; path = "NSDictionary+MTLManipulationAdditions.h"; sourceTree = "<group>"; };
		3F982AB8192E548800FD22AF /* NSDictionary+MTLManipulationAdditions.m */ = {isa = PBXFileReference; fileEncoding = 4; lastKnownFileType = sourcecode.c.objc; path = "NSDictionary+MTLManipulationAdditions.m"; sourceTree = "<group>"; };
		3F982AB9192E548800FD22AF /* NSError+MTLModelException.h */ = {isa = PBXFileReference; fileEncoding = 4; lastKnownFileType = sourcecode.c.h; path = "NSError+MTLModelException.h"; sourceTree = "<group>"; };
		3F982ABA192E548800FD22AF /* NSError+MTLModelException.m */ = {isa = PBXFileReference; fileEncoding = 4; lastKnownFileType = sourcecode.c.objc; path = "NSError+MTLModelException.m"; sourceTree = "<group>"; };
		3F982ABB192E548800FD22AF /* NSObject+MTLComparisonAdditions.h */ = {isa = PBXFileReference; fileEncoding = 4; lastKnownFileType = sourcecode.c.h; path = "NSObject+MTLComparisonAdditions.h"; sourceTree = "<group>"; };
		3F982ABC192E548800FD22AF /* NSObject+MTLComparisonAdditions.m */ = {isa = PBXFileReference; fileEncoding = 4; lastKnownFileType = sourcecode.c.objc; path = "NSObject+MTLComparisonAdditions.m"; sourceTree = "<group>"; };
		3F982ABD192E548800FD22AF /* NSValueTransformer+MTLInversionAdditions.h */ = {isa = PBXFileReference; fileEncoding = 4; lastKnownFileType = sourcecode.c.h; path = "NSValueTransformer+MTLInversionAdditions.h"; sourceTree = "<group>"; };
		3F982ABE192E548800FD22AF /* NSValueTransformer+MTLInversionAdditions.m */ = {isa = PBXFileReference; fileEncoding = 4; lastKnownFileType = sourcecode.c.objc; path = "NSValueTransformer+MTLInversionAdditions.m"; sourceTree = "<group>"; };
		3F982ABF192E548800FD22AF /* NSValueTransformer+MTLPredefinedTransformerAdditions.h */ = {isa = PBXFileReference; fileEncoding = 4; lastKnownFileType = sourcecode.c.h; path = "NSValueTransformer+MTLPredefinedTransformerAdditions.h"; sourceTree = "<group>"; };
		3F982AC0192E548800FD22AF /* NSValueTransformer+MTLPredefinedTransformerAdditions.m */ = {isa = PBXFileReference; fileEncoding = 4; lastKnownFileType = sourcecode.c.objc; path = "NSValueTransformer+MTLPredefinedTransformerAdditions.m"; sourceTree = "<group>"; };
		3F982AC1192E548800FD22AF /* README.md */ = {isa = PBXFileReference; fileEncoding = 4; lastKnownFileType = text; path = README.md; sourceTree = "<group>"; };
		3F982AD4192E54AC00FD22AF /* DoubanShuo.h */ = {isa = PBXFileReference; fileEncoding = 4; lastKnownFileType = sourcecode.c.h; path = DoubanShuo.h; sourceTree = "<group>"; };
		3F982AD5192E54AC00FD22AF /* DoubanShuo.m */ = {isa = PBXFileReference; fileEncoding = 4; lastKnownFileType = sourcecode.c.objc; path = DoubanShuo.m; sourceTree = "<group>"; };
		3F982ADA192E559500FD22AF /* DoubanUser.h */ = {isa = PBXFileReference; fileEncoding = 4; lastKnownFileType = sourcecode.c.h; path = DoubanUser.h; sourceTree = "<group>"; };
		3F982ADB192E559500FD22AF /* DoubanUser.m */ = {isa = PBXFileReference; fileEncoding = 4; lastKnownFileType = sourcecode.c.objc; path = DoubanUser.m; sourceTree = "<group>"; };
		3FB742C0192BBF1B008A00C7 /* DouObjcClient.h */ = {isa = PBXFileReference; fileEncoding = 4; lastKnownFileType = sourcecode.c.h; path = DouObjcClient.h; sourceTree = "<group>"; };
		3FB742F5192BC743008A00C7 /* STHTTPRequest.h */ = {isa = PBXFileReference; fileEncoding = 4; lastKnownFileType = sourcecode.c.h; path = STHTTPRequest.h; sourceTree = "<group>"; };
		3FB742F6192BC743008A00C7 /* STHTTPRequest.m */ = {isa = PBXFileReference; fileEncoding = 4; lastKnownFileType = sourcecode.c.objc; path = STHTTPRequest.m; sourceTree = "<group>"; };
		3FBE97A71927CD1E006D710B /* DoubanObjcClient.app */ = {isa = PBXFileReference; explicitFileType = wrapper.application; includeInIndex = 0; path = DoubanObjcClient.app; sourceTree = BUILT_PRODUCTS_DIR; };
		3FBE97AA1927CD1E006D710B /* Foundation.framework */ = {isa = PBXFileReference; lastKnownFileType = wrapper.framework; name = Foundation.framework; path = System/Library/Frameworks/Foundation.framework; sourceTree = SDKROOT; };
		3FBE97AC1927CD1E006D710B /* CoreGraphics.framework */ = {isa = PBXFileReference; lastKnownFileType = wrapper.framework; name = CoreGraphics.framework; path = System/Library/Frameworks/CoreGraphics.framework; sourceTree = SDKROOT; };
		3FBE97AE1927CD1E006D710B /* UIKit.framework */ = {isa = PBXFileReference; lastKnownFileType = wrapper.framework; name = UIKit.framework; path = System/Library/Frameworks/UIKit.framework; sourceTree = SDKROOT; };
		3FBE97B21927CD1E006D710B /* DoubanObjcClient-Info.plist */ = {isa = PBXFileReference; lastKnownFileType = text.plist.xml; path = "DoubanObjcClient-Info.plist"; sourceTree = "<group>"; };
		3FBE97B41927CD1E006D710B /* en */ = {isa = PBXFileReference; lastKnownFileType = text.plist.strings; name = en; path = en.lproj/InfoPlist.strings; sourceTree = "<group>"; };
		3FBE97B61927CD1E006D710B /* main.m */ = {isa = PBXFileReference; lastKnownFileType = sourcecode.c.objc; path = main.m; sourceTree = "<group>"; };
		3FBE97B81927CD1E006D710B /* DoubanObjcClient-Prefix.pch */ = {isa = PBXFileReference; lastKnownFileType = sourcecode.c.h; path = "DoubanObjcClient-Prefix.pch"; sourceTree = "<group>"; };
		3FBE97B91927CD1E006D710B /* DouAppDelegate.h */ = {isa = PBXFileReference; lastKnownFileType = sourcecode.c.h; path = DouAppDelegate.h; sourceTree = "<group>"; };
		3FBE97BA1927CD1E006D710B /* DouAppDelegate.m */ = {isa = PBXFileReference; lastKnownFileType = sourcecode.c.objc; path = DouAppDelegate.m; sourceTree = "<group>"; };
		3FBE97BD1927CD1E006D710B /* Base */ = {isa = PBXFileReference; lastKnownFileType = file.storyboard; name = Base; path = Base.lproj/Main.storyboard; sourceTree = "<group>"; };
		3FBE97BF1927CD1E006D710B /* DouViewController.h */ = {isa = PBXFileReference; lastKnownFileType = sourcecode.c.h; path = DouViewController.h; sourceTree = "<group>"; };
		3FBE97C01927CD1E006D710B /* DouViewController.m */ = {isa = PBXFileReference; lastKnownFileType = sourcecode.c.objc; path = DouViewController.m; sourceTree = "<group>"; };
		3FBE97C21927CD1E006D710B /* Images.xcassets */ = {isa = PBXFileReference; lastKnownFileType = folder.assetcatalog; path = Images.xcassets; sourceTree = "<group>"; };
		3FBE97C81927CD1E006D710B /* DoubanObjcClientTests.xctest */ = {isa = PBXFileReference; explicitFileType = wrapper.cfbundle; includeInIndex = 0; path = DoubanObjcClientTests.xctest; sourceTree = BUILT_PRODUCTS_DIR; };
		3FBE97C91927CD1E006D710B /* XCTest.framework */ = {isa = PBXFileReference; lastKnownFileType = wrapper.framework; name = XCTest.framework; path = Library/Frameworks/XCTest.framework; sourceTree = DEVELOPER_DIR; };
		3FBE97D11927CD1E006D710B /* DoubanObjcClientTests-Info.plist */ = {isa = PBXFileReference; lastKnownFileType = text.plist.xml; path = "DoubanObjcClientTests-Info.plist"; sourceTree = "<group>"; };
		3FBE97D31927CD1E006D710B /* en */ = {isa = PBXFileReference; lastKnownFileType = text.plist.strings; name = en; path = en.lproj/InfoPlist.strings; sourceTree = "<group>"; };
		3FBE97D51927CD1E006D710B /* DoubanObjcClientTests.m */ = {isa = PBXFileReference; lastKnownFileType = sourcecode.c.objc; path = DoubanObjcClientTests.m; sourceTree = "<group>"; };
		3FD6026B192E5F4500DF0C13 /* DoubanBaseModel.h */ = {isa = PBXFileReference; fileEncoding = 4; lastKnownFileType = sourcecode.c.h; path = DoubanBaseModel.h; sourceTree = "<group>"; };
		3FD6026C192E5F4500DF0C13 /* DoubanBaseModel.m */ = {isa = PBXFileReference; fileEncoding = 4; lastKnownFileType = sourcecode.c.objc; path = DoubanBaseModel.m; sourceTree = "<group>"; };
/* End PBXFileReference section */

/* Begin PBXFrameworksBuildPhase section */
		3FBE97A41927CD1E006D710B /* Frameworks */ = {
			isa = PBXFrameworksBuildPhase;
			buildActionMask = 2147483647;
			files = (
				3FBE97AD1927CD1E006D710B /* CoreGraphics.framework in Frameworks */,
				3FBE97AF1927CD1E006D710B /* UIKit.framework in Frameworks */,
				3FBE97AB1927CD1E006D710B /* Foundation.framework in Frameworks */,
			);
			runOnlyForDeploymentPostprocessing = 0;
		};
		3FBE97C51927CD1E006D710B /* Frameworks */ = {
			isa = PBXFrameworksBuildPhase;
			buildActionMask = 2147483647;
			files = (
				3FBE97CA1927CD1E006D710B /* XCTest.framework in Frameworks */,
				3FBE97CC1927CD1E006D710B /* UIKit.framework in Frameworks */,
				3FBE97CB1927CD1E006D710B /* Foundation.framework in Frameworks */,
			);
			runOnlyForDeploymentPostprocessing = 0;
		};
/* End PBXFrameworksBuildPhase section */

/* Begin PBXGroup section */
		3F48E3E819288FE30052E461 /* DoubanObjcClient */ = {
			isa = PBXGroup;
			children = (
				3F982AD3192E549E00FD22AF /* model */,
				3FB742CB192BC743008A00C7 /* vendor */,
				3FB742C0192BBF1B008A00C7 /* DouObjcClient.h */,
				3F48E3E9192890C00052E461 /* DouApiDefines.h */,
				3F48E3EA192893300052E461 /* DouApiClient.h */,
				3F48E3EB192893300052E461 /* DouApiClient.m */,
				3F48E3ED1928A0650052E461 /* DouOAuthViewController.h */,
				3F48E3EE1928A0650052E461 /* DouOAuthViewController.m */,
			);
			path = DoubanObjcClient;
			sourceTree = "<group>";
		};
		3F982A9D192E548800FD22AF /* Mantle */ = {
			isa = PBXGroup;
			children = (
				3F982A9E192E548800FD22AF /* extobjc */,
				3F982AA5192E548800FD22AF /* LICENSE.md */,
				3F982AA6192E548800FD22AF /* Mantle-Info.plist */,
				3F982AA7192E548800FD22AF /* Mantle-Prefix.pch */,
				3F982AA8192E548800FD22AF /* Mantle.h */,
				3F982AA9192E548800FD22AF /* MTLJSONAdapter.h */,
				3F982AAA192E548800FD22AF /* MTLJSONAdapter.m */,
				3F982AAB192E548800FD22AF /* MTLManagedObjectAdapter.h */,
				3F982AAC192E548800FD22AF /* MTLManagedObjectAdapter.m */,
				3F982AAD192E548800FD22AF /* MTLModel+NSCoding.h */,
				3F982AAE192E548800FD22AF /* MTLModel+NSCoding.m */,
				3F982AAF192E548800FD22AF /* MTLModel.h */,
				3F982AB0192E548800FD22AF /* MTLModel.m */,
				3F982AB1192E548800FD22AF /* MTLReflection.h */,
				3F982AB2192E548800FD22AF /* MTLReflection.m */,
				3F982AB3192E548800FD22AF /* MTLValueTransformer.h */,
				3F982AB4192E548800FD22AF /* MTLValueTransformer.m */,
				3F982AB5192E548800FD22AF /* NSArray+MTLManipulationAdditions.h */,
				3F982AB6192E548800FD22AF /* NSArray+MTLManipulationAdditions.m */,
				3F982AB7192E548800FD22AF /* NSDictionary+MTLManipulationAdditions.h */,
				3F982AB8192E548800FD22AF /* NSDictionary+MTLManipulationAdditions.m */,
				3F982AB9192E548800FD22AF /* NSError+MTLModelException.h */,
				3F982ABA192E548800FD22AF /* NSError+MTLModelException.m */,
				3F982ABB192E548800FD22AF /* NSObject+MTLComparisonAdditions.h */,
				3F982ABC192E548800FD22AF /* NSObject+MTLComparisonAdditions.m */,
				3F982ABD192E548800FD22AF /* NSValueTransformer+MTLInversionAdditions.h */,
				3F982ABE192E548800FD22AF /* NSValueTransformer+MTLInversionAdditions.m */,
				3F982ABF192E548800FD22AF /* NSValueTransformer+MTLPredefinedTransformerAdditions.h */,
				3F982AC0192E548800FD22AF /* NSValueTransformer+MTLPredefinedTransformerAdditions.m */,
				3F982AC1192E548800FD22AF /* README.md */,
			);
			path = Mantle;
			sourceTree = "<group>";
		};
		3F982A9E192E548800FD22AF /* extobjc */ = {
			isa = PBXGroup;
			children = (
				3F982A9F192E548800FD22AF /* EXTKeyPathCoding.h */,
				3F982AA0192E548800FD22AF /* EXTRuntimeExtensions.h */,
				3F982AA1192E548800FD22AF /* EXTRuntimeExtensions.m */,
				3F982AA2192E548800FD22AF /* EXTScope.h */,
				3F982AA3192E548800FD22AF /* EXTScope.m */,
				3F982AA4192E548800FD22AF /* metamacros.h */,
			);
			path = extobjc;
			sourceTree = "<group>";
		};
		3F982AD3192E549E00FD22AF /* model */ = {
			isa = PBXGroup;
			children = (
				3FD6026B192E5F4500DF0C13 /* DoubanBaseModel.h */,
				3FD6026C192E5F4500DF0C13 /* DoubanBaseModel.m */,
				3F982AD4192E54AC00FD22AF /* DoubanShuo.h */,
				3F982AD5192E54AC00FD22AF /* DoubanShuo.m */,
				3F982ADA192E559500FD22AF /* DoubanUser.h */,
				3F982ADB192E559500FD22AF /* DoubanUser.m */,
			);
			path = model;
			sourceTree = "<group>";
		};
		3FB742CB192BC743008A00C7 /* vendor */ = {
			isa = PBXGroup;
			children = (
				3F982A9D192E548800FD22AF /* Mantle */,
				3FB742F2192BC743008A00C7 /* STHTTPRequest */,
			);
			path = vendor;
			sourceTree = "<group>";
		};
		3FB742F2192BC743008A00C7 /* STHTTPRequest */ = {
			isa = PBXGroup;
			children = (
				3FB742F5192BC743008A00C7 /* STHTTPRequest.h */,
				3FB742F6192BC743008A00C7 /* STHTTPRequest.m */,
			);
			path = STHTTPRequest;
			sourceTree = "<group>";
		};
		3FBE979E1927CD1E006D710B = {
			isa = PBXGroup;
			children = (
				3FBE97B01927CD1E006D710B /* DoubanObjcClient */,
				3FBE97CF1927CD1E006D710B /* DoubanObjcClientTests */,
				3FBE97A91927CD1E006D710B /* Frameworks */,
				3FBE97A81927CD1E006D710B /* Products */,
			);
			sourceTree = "<group>";
		};
		3FBE97A81927CD1E006D710B /* Products */ = {
			isa = PBXGroup;
			children = (
				3FBE97A71927CD1E006D710B /* DoubanObjcClient.app */,
				3FBE97C81927CD1E006D710B /* DoubanObjcClientTests.xctest */,
			);
			name = Products;
			sourceTree = "<group>";
		};
		3FBE97A91927CD1E006D710B /* Frameworks */ = {
			isa = PBXGroup;
			children = (
				3FBE97AA1927CD1E006D710B /* Foundation.framework */,
				3FBE97AC1927CD1E006D710B /* CoreGraphics.framework */,
				3FBE97AE1927CD1E006D710B /* UIKit.framework */,
				3FBE97C91927CD1E006D710B /* XCTest.framework */,
			);
			name = Frameworks;
			sourceTree = "<group>";
		};
		3FBE97B01927CD1E006D710B /* DoubanObjcClient */ = {
			isa = PBXGroup;
			children = (
				3F48E3E819288FE30052E461 /* DoubanObjcClient */,
				3FBE97B91927CD1E006D710B /* DouAppDelegate.h */,
				3FBE97BA1927CD1E006D710B /* DouAppDelegate.m */,
				3FBE97BC1927CD1E006D710B /* Main.storyboard */,
				3FBE97BF1927CD1E006D710B /* DouViewController.h */,
				3FBE97C01927CD1E006D710B /* DouViewController.m */,
				3FBE97C21927CD1E006D710B /* Images.xcassets */,
				3FBE97B11927CD1E006D710B /* Supporting Files */,
			);
			path = DoubanObjcClient;
			sourceTree = "<group>";
		};
		3FBE97B11927CD1E006D710B /* Supporting Files */ = {
			isa = PBXGroup;
			children = (
				3FBE97B21927CD1E006D710B /* DoubanObjcClient-Info.plist */,
				3FBE97B31927CD1E006D710B /* InfoPlist.strings */,
				3FBE97B61927CD1E006D710B /* main.m */,
				3FBE97B81927CD1E006D710B /* DoubanObjcClient-Prefix.pch */,
			);
			name = "Supporting Files";
			sourceTree = "<group>";
		};
		3FBE97CF1927CD1E006D710B /* DoubanObjcClientTests */ = {
			isa = PBXGroup;
			children = (
				3FBE97D51927CD1E006D710B /* DoubanObjcClientTests.m */,
				3FBE97D01927CD1E006D710B /* Supporting Files */,
			);
			path = DoubanObjcClientTests;
			sourceTree = "<group>";
		};
		3FBE97D01927CD1E006D710B /* Supporting Files */ = {
			isa = PBXGroup;
			children = (
				3FBE97D11927CD1E006D710B /* DoubanObjcClientTests-Info.plist */,
				3FBE97D21927CD1E006D710B /* InfoPlist.strings */,
			);
			name = "Supporting Files";
			sourceTree = "<group>";
		};
/* End PBXGroup section */

/* Begin PBXNativeTarget section */
		3FBE97A61927CD1E006D710B /* DoubanObjcClient */ = {
			isa = PBXNativeTarget;
			buildConfigurationList = 3FBE97D91927CD1E006D710B /* Build configuration list for PBXNativeTarget "DoubanObjcClient" */;
			buildPhases = (
				3FBE97A31927CD1E006D710B /* Sources */,
				3FBE97A41927CD1E006D710B /* Frameworks */,
				3FBE97A51927CD1E006D710B /* Resources */,
			);
			buildRules = (
			);
			dependencies = (
			);
			name = DoubanObjcClient;
			productName = DoubanObjcClient;
			productReference = 3FBE97A71927CD1E006D710B /* DoubanObjcClient.app */;
			productType = "com.apple.product-type.application";
		};
		3FBE97C71927CD1E006D710B /* DoubanObjcClientTests */ = {
			isa = PBXNativeTarget;
			buildConfigurationList = 3FBE97DC1927CD1E006D710B /* Build configuration list for PBXNativeTarget "DoubanObjcClientTests" */;
			buildPhases = (
				3FBE97C41927CD1E006D710B /* Sources */,
				3FBE97C51927CD1E006D710B /* Frameworks */,
				3FBE97C61927CD1E006D710B /* Resources */,
			);
			buildRules = (
			);
			dependencies = (
				3FBE97CE1927CD1E006D710B /* PBXTargetDependency */,
			);
			name = DoubanObjcClientTests;
			productName = DoubanObjcClientTests;
			productReference = 3FBE97C81927CD1E006D710B /* DoubanObjcClientTests.xctest */;
			productType = "com.apple.product-type.bundle.unit-test";
		};
/* End PBXNativeTarget section */

/* Begin PBXProject section */
		3FBE979F1927CD1E006D710B /* Project object */ = {
			isa = PBXProject;
			attributes = {
				CLASSPREFIX = Dou;
				LastUpgradeCheck = 0510;
				ORGANIZATIONNAME = com.hao;
				TargetAttributes = {
					3FBE97C71927CD1E006D710B = {
						TestTargetID = 3FBE97A61927CD1E006D710B;
					};
				};
			};
			buildConfigurationList = 3FBE97A21927CD1E006D710B /* Build configuration list for PBXProject "DoubanObjcClient" */;
			compatibilityVersion = "Xcode 3.2";
			developmentRegion = English;
			hasScannedForEncodings = 0;
			knownRegions = (
				en,
				Base,
			);
			mainGroup = 3FBE979E1927CD1E006D710B;
			productRefGroup = 3FBE97A81927CD1E006D710B /* Products */;
			projectDirPath = "";
			projectRoot = "";
			targets = (
				3FBE97A61927CD1E006D710B /* DoubanObjcClient */,
				3FBE97C71927CD1E006D710B /* DoubanObjcClientTests */,
			);
		};
/* End PBXProject section */

/* Begin PBXResourcesBuildPhase section */
		3FBE97A51927CD1E006D710B /* Resources */ = {
			isa = PBXResourcesBuildPhase;
			buildActionMask = 2147483647;
			files = (
				3F982AD2192E548800FD22AF /* README.md in Resources */,
				3F982AC4192E548800FD22AF /* LICENSE.md in Resources */,
				3FBE97C31927CD1E006D710B /* Images.xcassets in Resources */,
				3FBE97B51927CD1E006D710B /* InfoPlist.strings in Resources */,
				3FBE97BE1927CD1E006D710B /* Main.storyboard in Resources */,
				3F982AC5192E548800FD22AF /* Mantle-Info.plist in Resources */,
			);
			runOnlyForDeploymentPostprocessing = 0;
		};
		3FBE97C61927CD1E006D710B /* Resources */ = {
			isa = PBXResourcesBuildPhase;
			buildActionMask = 2147483647;
			files = (
				3FBE97D41927CD1E006D710B /* InfoPlist.strings in Resources */,
			);
			runOnlyForDeploymentPostprocessing = 0;
		};
/* End PBXResourcesBuildPhase section */

/* Begin PBXSourcesBuildPhase section */
		3FBE97A31927CD1E006D710B /* Sources */ = {
			isa = PBXSourcesBuildPhase;
			buildActionMask = 2147483647;
			files = (
				3F982AC7192E548800FD22AF /* MTLManagedObjectAdapter.m in Sources */,
				3F982AD0192E548800FD22AF /* NSValueTransformer+MTLInversionAdditions.m in Sources */,
				3F982AD1192E548800FD22AF /* NSValueTransformer+MTLPredefinedTransformerAdditions.m in Sources */,
				3F982ACD192E548800FD22AF /* NSDictionary+MTLManipulationAdditions.m in Sources */,
				3F982ACF192E548800FD22AF /* NSObject+MTLComparisonAdditions.m in Sources */,
				3F982ACC192E548800FD22AF /* NSArray+MTLManipulationAdditions.m in Sources */,
				3F982ACA192E548800FD22AF /* MTLReflection.m in Sources */,
				3FD6026D192E5F4500DF0C13 /* DoubanBaseModel.m in Sources */,
				3F982ADC192E559500FD22AF /* DoubanUser.m in Sources */,
				3F982AC3192E548800FD22AF /* EXTScope.m in Sources */,
				3F982ACE192E548800FD22AF /* NSError+MTLModelException.m in Sources */,
				3F982AC6192E548800FD22AF /* MTLJSONAdapter.m in Sources */,
				3FBE97B71927CD1E006D710B /* main.m in Sources */,
				3F982ACB192E548800FD22AF /* MTLValueTransformer.m in Sources */,
				3FBE97C11927CD1E006D710B /* DouViewController.m in Sources */,
				3F982AD6192E54AC00FD22AF /* DoubanShuo.m in Sources */,
				3F982AC8192E548800FD22AF /* MTLModel+NSCoding.m in Sources */,
				3F48E3EC192893300052E461 /* DouApiClient.m in Sources */,
				3F982AC2192E548800FD22AF /* EXTRuntimeExtensions.m in Sources */,
				3FBE97BB1927CD1E006D710B /* DouAppDelegate.m in Sources */,
				3F48E3EF1928A0650052E461 /* DouOAuthViewController.m in Sources */,
				3FB7430A192BC743008A00C7 /* STHTTPRequest.m in Sources */,
				3F982AC9192E548800FD22AF /* MTLModel.m in Sources */,
			);
			runOnlyForDeploymentPostprocessing = 0;
		};
		3FBE97C41927CD1E006D710B /* Sources */ = {
			isa = PBXSourcesBuildPhase;
			buildActionMask = 2147483647;
			files = (
				3FBE97D61927CD1E006D710B /* DoubanObjcClientTests.m in Sources */,
			);
			runOnlyForDeploymentPostprocessing = 0;
		};
/* End PBXSourcesBuildPhase section */

/* Begin PBXTargetDependency section */
		3FBE97CE1927CD1E006D710B /* PBXTargetDependency */ = {
			isa = PBXTargetDependency;
			target = 3FBE97A61927CD1E006D710B /* DoubanObjcClient */;
			targetProxy = 3FBE97CD1927CD1E006D710B /* PBXContainerItemProxy */;
		};
/* End PBXTargetDependency section */

/* Begin PBXVariantGroup section */
		3FBE97B31927CD1E006D710B /* InfoPlist.strings */ = {
			isa = PBXVariantGroup;
			children = (
				3FBE97B41927CD1E006D710B /* en */,
			);
			name = InfoPlist.strings;
			sourceTree = "<group>";
		};
		3FBE97BC1927CD1E006D710B /* Main.storyboard */ = {
			isa = PBXVariantGroup;
			children = (
				3FBE97BD1927CD1E006D710B /* Base */,
			);
			name = Main.storyboard;
			sourceTree = "<group>";
		};
		3FBE97D21927CD1E006D710B /* InfoPlist.strings */ = {
			isa = PBXVariantGroup;
			children = (
				3FBE97D31927CD1E006D710B /* en */,
			);
			name = InfoPlist.strings;
			sourceTree = "<group>";
		};
/* End PBXVariantGroup section */

/* Begin XCBuildConfiguration section */
		3FBE97D71927CD1E006D710B /* Debug */ = {
			isa = XCBuildConfiguration;
			buildSettings = {
				ALWAYS_SEARCH_USER_PATHS = NO;
				CLANG_CXX_LANGUAGE_STANDARD = "gnu++0x";
				CLANG_CXX_LIBRARY = "libc++";
				CLANG_ENABLE_MODULES = YES;
				CLANG_ENABLE_OBJC_ARC = YES;
				CLANG_WARN_BOOL_CONVERSION = YES;
				CLANG_WARN_CONSTANT_CONVERSION = YES;
				CLANG_WARN_DIRECT_OBJC_ISA_USAGE = YES_ERROR;
				CLANG_WARN_EMPTY_BODY = YES;
				CLANG_WARN_ENUM_CONVERSION = YES;
				CLANG_WARN_INT_CONVERSION = YES;
				CLANG_WARN_OBJC_ROOT_CLASS = YES_ERROR;
				CLANG_WARN__DUPLICATE_METHOD_MATCH = YES;
				"CODE_SIGN_IDENTITY[sdk=iphoneos*]" = "iPhone Developer";
				COPY_PHASE_STRIP = NO;
				GCC_C_LANGUAGE_STANDARD = gnu99;
				GCC_DYNAMIC_NO_PIC = NO;
				GCC_OPTIMIZATION_LEVEL = 0;
				GCC_PREPROCESSOR_DEFINITIONS = (
					"DEBUG=1",
					"$(inherited)",
				);
				GCC_SYMBOLS_PRIVATE_EXTERN = NO;
				GCC_WARN_64_TO_32_BIT_CONVERSION = YES;
				GCC_WARN_ABOUT_RETURN_TYPE = YES_ERROR;
				GCC_WARN_UNDECLARED_SELECTOR = YES;
				GCC_WARN_UNINITIALIZED_AUTOS = YES_AGGRESSIVE;
				GCC_WARN_UNUSED_FUNCTION = YES;
				GCC_WARN_UNUSED_VARIABLE = YES;
				IPHONEOS_DEPLOYMENT_TARGET = 7.1;
				ONLY_ACTIVE_ARCH = YES;
				SDKROOT = iphoneos;
			};
			name = Debug;
		};
		3FBE97D81927CD1E006D710B /* Release */ = {
			isa = XCBuildConfiguration;
			buildSettings = {
				ALWAYS_SEARCH_USER_PATHS = NO;
				CLANG_CXX_LANGUAGE_STANDARD = "gnu++0x";
				CLANG_CXX_LIBRARY = "libc++";
				CLANG_ENABLE_MODULES = YES;
				CLANG_ENABLE_OBJC_ARC = YES;
				CLANG_WARN_BOOL_CONVERSION = YES;
				CLANG_WARN_CONSTANT_CONVERSION = YES;
				CLANG_WARN_DIRECT_OBJC_ISA_USAGE = YES_ERROR;
				CLANG_WARN_EMPTY_BODY = YES;
				CLANG_WARN_ENUM_CONVERSION = YES;
				CLANG_WARN_INT_CONVERSION = YES;
				CLANG_WARN_OBJC_ROOT_CLASS = YES_ERROR;
				CLANG_WARN__DUPLICATE_METHOD_MATCH = YES;
				"CODE_SIGN_IDENTITY[sdk=iphoneos*]" = "iPhone Developer";
				COPY_PHASE_STRIP = YES;
				ENABLE_NS_ASSERTIONS = NO;
				GCC_C_LANGUAGE_STANDARD = gnu99;
				GCC_WARN_64_TO_32_BIT_CONVERSION = YES;
				GCC_WARN_ABOUT_RETURN_TYPE = YES_ERROR;
				GCC_WARN_UNDECLARED_SELECTOR = YES;
				GCC_WARN_UNINITIALIZED_AUTOS = YES_AGGRESSIVE;
				GCC_WARN_UNUSED_FUNCTION = YES;
				GCC_WARN_UNUSED_VARIABLE = YES;
				IPHONEOS_DEPLOYMENT_TARGET = 7.1;
				SDKROOT = iphoneos;
				VALIDATE_PRODUCT = YES;
			};
			name = Release;
		};
		3FBE97DA1927CD1E006D710B /* Debug */ = {
			isa = XCBuildConfiguration;
			buildSettings = {
				ASSETCATALOG_COMPILER_APPICON_NAME = AppIcon;
				ASSETCATALOG_COMPILER_LAUNCHIMAGE_NAME = LaunchImage;
				GCC_PRECOMPILE_PREFIX_HEADER = YES;
				GCC_PREFIX_HEADER = "DoubanObjcClient/DoubanObjcClient-Prefix.pch";
				INFOPLIST_FILE = "DoubanObjcClient/DoubanObjcClient-Info.plist";
				PRODUCT_NAME = "$(TARGET_NAME)";
				WRAPPER_EXTENSION = app;
			};
			name = Debug;
		};
		3FBE97DB1927CD1E006D710B /* Release */ = {
			isa = XCBuildConfiguration;
			buildSettings = {
				ASSETCATALOG_COMPILER_APPICON_NAME = AppIcon;
				ASSETCATALOG_COMPILER_LAUNCHIMAGE_NAME = LaunchImage;
				GCC_PRECOMPILE_PREFIX_HEADER = YES;
				GCC_PREFIX_HEADER = "DoubanObjcClient/DoubanObjcClient-Prefix.pch";
				INFOPLIST_FILE = "DoubanObjcClient/DoubanObjcClient-Info.plist";
				PRODUCT_NAME = "$(TARGET_NAME)";
				WRAPPER_EXTENSION = app;
			};
			name = Release;
		};
		3FBE97DD1927CD1E006D710B /* Debug */ = {
			isa = XCBuildConfiguration;
			buildSettings = {
				BUNDLE_LOADER = "$(BUILT_PRODUCTS_DIR)/DoubanObjcClient.app/DoubanObjcClient";
				FRAMEWORK_SEARCH_PATHS = (
					"$(SDKROOT)/Developer/Library/Frameworks",
					"$(inherited)",
					"$(DEVELOPER_FRAMEWORKS_DIR)",
				);
				GCC_PRECOMPILE_PREFIX_HEADER = YES;
				GCC_PREFIX_HEADER = "DoubanObjcClient/DoubanObjcClient-Prefix.pch";
				GCC_PREPROCESSOR_DEFINITIONS = (
					"DEBUG=1",
					"$(inherited)",
				);
				INFOPLIST_FILE = "DoubanObjcClientTests/DoubanObjcClientTests-Info.plist";
				PRODUCT_NAME = "$(TARGET_NAME)";
				TEST_HOST = "$(BUNDLE_LOADER)";
				WRAPPER_EXTENSION = xctest;
			};
			name = Debug;
		};
		3FBE97DE1927CD1E006D710B /* Release */ = {
			isa = XCBuildConfiguration;
			buildSettings = {
				BUNDLE_LOADER = "$(BUILT_PRODUCTS_DIR)/DoubanObjcClient.app/DoubanObjcClient";
				FRAMEWORK_SEARCH_PATHS = (
					"$(SDKROOT)/Developer/Library/Frameworks",
					"$(inherited)",
					"$(DEVELOPER_FRAMEWORKS_DIR)",
				);
				GCC_PRECOMPILE_PREFIX_HEADER = YES;
				GCC_PREFIX_HEADER = "DoubanObjcClient/DoubanObjcClient-Prefix.pch";
				INFOPLIST_FILE = "DoubanObjcClientTests/DoubanObjcClientTests-Info.plist";
				PRODUCT_NAME = "$(TARGET_NAME)";
				TEST_HOST = "$(BUNDLE_LOADER)";
				WRAPPER_EXTENSION = xctest;
			};
			name = Release;
		};
/* End XCBuildConfiguration section */

/* Begin XCConfigurationList section */
		3FBE97A21927CD1E006D710B /* Build configuration list for PBXProject "DoubanObjcClient" */ = {
			isa = XCConfigurationList;
			buildConfigurations = (
				3FBE97D71927CD1E006D710B /* Debug */,
				3FBE97D81927CD1E006D710B /* Release */,
			);
			defaultConfigurationIsVisible = 0;
			defaultConfigurationName = Release;
		};
		3FBE97D91927CD1E006D710B /* Build configuration list for PBXNativeTarget "DoubanObjcClient" */ = {
			isa = XCConfigurationList;
			buildConfigurations = (
				3FBE97DA1927CD1E006D710B /* Debug */,
				3FBE97DB1927CD1E006D710B /* Release */,
			);
			defaultConfigurationIsVisible = 0;
			defaultConfigurationName = Release;
		};
		3FBE97DC1927CD1E006D710B /* Build configuration list for PBXNativeTarget "DoubanObjcClientTests" */ = {
			isa = XCConfigurationList;
			buildConfigurations = (
				3FBE97DD1927CD1E006D710B /* Debug */,
				3FBE97DE1927CD1E006D710B /* Release */,
			);
			defaultConfigurationIsVisible = 0;
			defaultConfigurationName = Release;
		};
/* End XCConfigurationList section */
	};
	rootObject = 3FBE979F1927CD1E006D710B /* Project object */;
}
